
Microsoft Visual Studio Solution File, Format Version 11.00
# Visual Studio 2010
Project("{FAE04EC0-301F-11D3-BF4B-00C04F79EFBC}") = "Assembly-CSharp", "Assembly-CSharp.csproj", "{ecf5f54a-6fb7-89df-cc9b-315c8814c037}"
EndProject
Project("{FAE04EC0-301F-11D3-BF4B-00C04F79EFBC}") = "Assembly-CSharp-Editor", "Assembly-CSharp-Editor.csproj", "{f0352b86-6451-11db-5303-0f54f41d7cd0}"
EndProject
Global
	GlobalSection(SolutionConfigurationPlatforms) = preSolution
		Debug|Any CPU = Debug|Any CPU
	EndGlobalSection
	GlobalSection(ProjectConfigurationPlatforms) = postSolution
		{ecf5f54a-6fb7-89df-cc9b-315c8814c037}.Debug|Any CPU.ActiveCfg = Debug|Any CPU
		{ecf5f54a-6fb7-89df-cc9b-315c8814c037}.Debug|Any CPU.Build.0 = Debug|Any CPU
		{f0352b86-6451-11db-5303-0f54f41d7cd0}.Debug|Any CPU.ActiveCfg = Debug|Any CPU
		{f0352b86-6451-11db-5303-0f54f41d7cd0}.Debug|Any CPU.Build.0 = Debug|Any CPU
	EndGlobalSection
	GlobalSection(SolutionProperties) = preSolution
		HideSolutionNode = FALSE
	EndGlobalSection
EndGlobal
